// !$*UTF8*$!
{
	archiveVersion = 1;
	classes = {
	};
	objectVersion = 55;
	objects = {

/* Begin PBXBuildFile section */
		2501CBE327BA166F00812B4B /* FirstBadVersion.swift in Sources */ = {isa = PBXBuildFile; fileRef = 2501CBE227BA166F00812B4B /* FirstBadVersion.swift */; };
		2501CBE527BB8B8D00812B4B /* FindPeakElement  .swift in Sources */ = {isa = PBXBuildFile; fileRef = 2501CBE427BB8B8D00812B4B /* FindPeakElement  .swift */; };
		2501CBE727BC3E8B00812B4B /* MergeSortArray.swift in Sources */ = {isa = PBXBuildFile; fileRef = 2501CBE627BC3E8B00812B4B /* MergeSortArray.swift */; };
		2501CBE927BCB59300812B4B /* SearchForARange.swift in Sources */ = {isa = PBXBuildFile; fileRef = 2501CBE827BCB59300812B4B /* SearchForARange.swift */; };
		2501CBEC27BD0E8800812B4B /* StrStr.swift in Sources */ = {isa = PBXBuildFile; fileRef = 2501CBEB27BD0E8800812B4B /* StrStr.swift */; };
		2501CC1A27C01C9F00812B4B /* Pow.swift in Sources */ = {isa = PBXBuildFile; fileRef = 2501CC1927C01C9F00812B4B /* Pow.swift */; };
		2501CC6B27C0DB2D00812B4B /* IsPerfectSquare.swift in Sources */ = {isa = PBXBuildFile; fileRef = 2501CC6A27C0DB2D00812B4B /* IsPerfectSquare.swift */; };
		25460015275FE3EE00627860 /* AppDelegate.swift in Sources */ = {isa = PBXBuildFile; fileRef = 25460014275FE3EE00627860 /* AppDelegate.swift */; };
		25460017275FE3EE00627860 /* DocumentBrowserViewController.swift in Sources */ = {isa = PBXBuildFile; fileRef = 25460016275FE3EE00627860 /* DocumentBrowserViewController.swift */; };
		2546001E275FE3EE00627860 /* Main.storyboard in Resources */ = {isa = PBXBuildFile; fileRef = 2546001C275FE3EE00627860 /* Main.storyboard */; };
		25460020275FE3EE00627860 /* Assets.xcassets in Resources */ = {isa = PBXBuildFile; fileRef = 2546001F275FE3EE00627860 /* Assets.xcassets */; };
		25460023275FE3EE00627860 /* LaunchScreen.storyboard in Resources */ = {isa = PBXBuildFile; fileRef = 25460021275FE3EE00627860 /* LaunchScreen.storyboard */; };
		2546002C275FE40600627860 /* Node.swift in Sources */ = {isa = PBXBuildFile; fileRef = 2546002B275FE40600627860 /* Node.swift */; };
		2546002E275FE46E00627860 /* LinkedList.swift in Sources */ = {isa = PBXBuildFile; fileRef = 2546002D275FE46E00627860 /* LinkedList.swift */; };
		254600312764C10F00627860 /* Stack.swift in Sources */ = {isa = PBXBuildFile; fileRef = 254600302764C10F00627860 /* Stack.swift */; };
		254600342764C85C00627860 /* Queue.swift in Sources */ = {isa = PBXBuildFile; fileRef = 254600332764C85C00627860 /* Queue.swift */; };
		254600372765260100627860 /* TreeNode.swift in Sources */ = {isa = PBXBuildFile; fileRef = 254600362765260100627860 /* TreeNode.swift */; };
		254600392767BCB900627860 /* BinaryNode.swift in Sources */ = {isa = PBXBuildFile; fileRef = 254600382767BCB900627860 /* BinaryNode.swift */; };
		2546003C2767C00F00627860 /* Map.swift in Sources */ = {isa = PBXBuildFile; fileRef = 2546003B2767C00F00627860 /* Map.swift */; };
		2546003F2767C88600627860 /* Heap.swift in Sources */ = {isa = PBXBuildFile; fileRef = 2546003E2767C88600627860 /* Heap.swift */; };
		254600422767CEB200627860 /* Filter.swift in Sources */ = {isa = PBXBuildFile; fileRef = 254600412767CEB200627860 /* Filter.swift */; };
		254600442767CF7F00627860 /* Reduce.swift in Sources */ = {isa = PBXBuildFile; fileRef = 254600432767CF7F00627860 /* Reduce.swift */; };
		2546005D276F9D8B00627860 /* BubleSorting.swift in Sources */ = {isa = PBXBuildFile; fileRef = 2546005C276F9D8B00627860 /* BubleSorting.swift */; };
		2546005F276FAC2E00627860 /* SelectionSort.swift in Sources */ = {isa = PBXBuildFile; fileRef = 2546005E276FAC2E00627860 /* SelectionSort.swift */; };
		2546006D2774F3E300627860 /* MergeSort.swift in Sources */ = {isa = PBXBuildFile; fileRef = 2546006C2774F3E300627860 /* MergeSort.swift */; };
		25585B7527ACFDD800202D36 /* MaxConsecutiveOnes.swift in Sources */ = {isa = PBXBuildFile; fileRef = 25585B7427ACFDD800202D36 /* MaxConsecutiveOnes.swift */; };
		25585B7727AD036800202D36 /* FindNumberswithEvenNumberofDigits .swift in Sources */ = {isa = PBXBuildFile; fileRef = 25585B7627AD036800202D36 /* FindNumberswithEvenNumberofDigits .swift */; };
		257D16FC27B2F5A40072CAD9 /* InsertionSort.swift in Sources */ = {isa = PBXBuildFile; fileRef = 257D16FB27B2F5A40072CAD9 /* InsertionSort.swift */; };
		257D16FE27B37F550072CAD9 /* FindDisappearedNumbers.swift in Sources */ = {isa = PBXBuildFile; fileRef = 257D16FD27B37F550072CAD9 /* FindDisappearedNumbers.swift */; };
		257D170027B38DBA0072CAD9 /* SquaresOfaSortedArray.swift in Sources */ = {isa = PBXBuildFile; fileRef = 257D16FF27B38DBA0072CAD9 /* SquaresOfaSortedArray.swift */; };
		257D170227B38E8D0072CAD9 /* HeightChecker.swift in Sources */ = {isa = PBXBuildFile; fileRef = 257D170127B38E8D0072CAD9 /* HeightChecker.swift */; };
		25835BFA27912DB500607730 /* isNumberPalindrom.swift in Sources */ = {isa = PBXBuildFile; fileRef = 25835BF927912DB500607730 /* isNumberPalindrom.swift */; };
		25A910B927B6A3170039DCDA /* BinarySearch.swift in Sources */ = {isa = PBXBuildFile; fileRef = 25A910B827B6A3170039DCDA /* BinarySearch.swift */; };
		25A910BB27B772EC0039DCDA /* README.md in Resources */ = {isa = PBXBuildFile; fileRef = 25A910BA27B772EC0039DCDA /* README.md */; };
		25A910BD27B8E2110039DCDA /* GuessNumber.swift in Sources */ = {isa = PBXBuildFile; fileRef = 25A910BC27B8E2110039DCDA /* GuessNumber.swift */; };
		25C54AFA27AEA39B005F4ED6 /* MoveZeroes.swift in Sources */ = {isa = PBXBuildFile; fileRef = 25C54AF927AEA39B005F4ED6 /* MoveZeroes.swift */; };
		25D50A27278AE0CD0086FA8D /* TwoSumm.swift in Sources */ = {isa = PBXBuildFile; fileRef = 25D50A26278AE0CD0086FA8D /* TwoSumm.swift */; };
		25D50A2A278AF2F70086FA8D /* Valid Parentheses.swift in Sources */ = {isa = PBXBuildFile; fileRef = 25D50A29278AF2F60086FA8D /* Valid Parentheses.swift */; };
/* End PBXBuildFile section */

/* Begin PBXFileReference section */
		2501CBE227BA166F00812B4B /* FirstBadVersion.swift */ = {isa = PBXFileReference; lastKnownFileType = sourcecode.swift; path = FirstBadVersion.swift; sourceTree = "<group>"; };
		2501CBE427BB8B8D00812B4B /* FindPeakElement  .swift */ = {isa = PBXFileReference; lastKnownFileType = sourcecode.swift; path = "FindPeakElement  .swift"; sourceTree = "<group>"; };
		2501CBE627BC3E8B00812B4B /* MergeSortArray.swift */ = {isa = PBXFileReference; lastKnownFileType = sourcecode.swift; path = MergeSortArray.swift; sourceTree = "<group>"; };
		2501CBE827BCB59300812B4B /* SearchForARange.swift */ = {isa = PBXFileReference; lastKnownFileType = sourcecode.swift; path = SearchForARange.swift; sourceTree = "<group>"; };
		2501CBEB27BD0E8800812B4B /* StrStr.swift */ = {isa = PBXFileReference; lastKnownFileType = sourcecode.swift; path = StrStr.swift; sourceTree = "<group>"; };
		2501CC1927C01C9F00812B4B /* Pow.swift */ = {isa = PBXFileReference; lastKnownFileType = sourcecode.swift; path = Pow.swift; sourceTree = "<group>"; };
		2501CC6A27C0DB2D00812B4B /* IsPerfectSquare.swift */ = {isa = PBXFileReference; lastKnownFileType = sourcecode.swift; path = IsPerfectSquare.swift; sourceTree = "<group>"; };
		25460011275FE3EE00627860 /* Algorithms.app */ = {isa = PBXFileReference; explicitFileType = wrapper.application; includeInIndex = 0; path = Algorithms.app; sourceTree = BUILT_PRODUCTS_DIR; };
		25460014275FE3EE00627860 /* AppDelegate.swift */ = {isa = PBXFileReference; lastKnownFileType = sourcecode.swift; path = AppDelegate.swift; sourceTree = "<group>"; };
		25460016275FE3EE00627860 /* DocumentBrowserViewController.swift */ = {isa = PBXFileReference; lastKnownFileType = sourcecode.swift; path = DocumentBrowserViewController.swift; sourceTree = "<group>"; };
		2546001D275FE3EE00627860 /* Base */ = {isa = PBXFileReference; lastKnownFileType = file.storyboard; name = Base; path = Base.lproj/Main.storyboard; sourceTree = "<group>"; };
		2546001F275FE3EE00627860 /* Assets.xcassets */ = {isa = PBXFileReference; lastKnownFileType = folder.assetcatalog; path = Assets.xcassets; sourceTree = "<group>"; };
		25460022275FE3EE00627860 /* Base */ = {isa = PBXFileReference; lastKnownFileType = file.storyboard; name = Base; path = Base.lproj/LaunchScreen.storyboard; sourceTree = "<group>"; };
		25460024275FE3EE00627860 /* Info.plist */ = {isa = PBXFileReference; lastKnownFileType = text.plist.xml; path = Info.plist; sourceTree = "<group>"; };
		2546002B275FE40600627860 /* Node.swift */ = {isa = PBXFileReference; lastKnownFileType = sourcecode.swift; path = Node.swift; sourceTree = "<group>"; };
		2546002D275FE46E00627860 /* LinkedList.swift */ = {isa = PBXFileReference; lastKnownFileType = sourcecode.swift; path = LinkedList.swift; sourceTree = "<group>"; };
		254600302764C10F00627860 /* Stack.swift */ = {isa = PBXFileReference; lastKnownFileType = sourcecode.swift; path = Stack.swift; sourceTree = "<group>"; };
		254600332764C85C00627860 /* Queue.swift */ = {isa = PBXFileReference; lastKnownFileType = sourcecode.swift; path = Queue.swift; sourceTree = "<group>"; };
		254600362765260100627860 /* TreeNode.swift */ = {isa = PBXFileReference; lastKnownFileType = sourcecode.swift; path = TreeNode.swift; sourceTree = "<group>"; };
		254600382767BCB900627860 /* BinaryNode.swift */ = {isa = PBXFileReference; lastKnownFileType = sourcecode.swift; path = BinaryNode.swift; sourceTree = "<group>"; };
		2546003B2767C00F00627860 /* Map.swift */ = {isa = PBXFileReference; lastKnownFileType = sourcecode.swift; path = Map.swift; sourceTree = "<group>"; };
		2546003E2767C88600627860 /* Heap.swift */ = {isa = PBXFileReference; lastKnownFileType = sourcecode.swift; path = Heap.swift; sourceTree = "<group>"; };
		254600412767CEB200627860 /* Filter.swift */ = {isa = PBXFileReference; lastKnownFileType = sourcecode.swift; path = Filter.swift; sourceTree = "<group>"; };
		254600432767CF7F00627860 /* Reduce.swift */ = {isa = PBXFileReference; lastKnownFileType = sourcecode.swift; path = Reduce.swift; sourceTree = "<group>"; };
		2546005C276F9D8B00627860 /* BubleSorting.swift */ = {isa = PBXFileReference; lastKnownFileType = sourcecode.swift; path = BubleSorting.swift; sourceTree = "<group>"; };
		2546005E276FAC2E00627860 /* SelectionSort.swift */ = {isa = PBXFileReference; lastKnownFileType = sourcecode.swift; path = SelectionSort.swift; sourceTree = "<group>"; };
		2546006C2774F3E300627860 /* MergeSort.swift */ = {isa = PBXFileReference; lastKnownFileType = sourcecode.swift; path = MergeSort.swift; sourceTree = "<group>"; };
		25585B7427ACFDD800202D36 /* MaxConsecutiveOnes.swift */ = {isa = PBXFileReference; lastKnownFileType = sourcecode.swift; path = MaxConsecutiveOnes.swift; sourceTree = "<group>"; };
		25585B7627AD036800202D36 /* FindNumberswithEvenNumberofDigits .swift */ = {isa = PBXFileReference; lastKnownFileType = sourcecode.swift; path = "FindNumberswithEvenNumberofDigits .swift"; sourceTree = "<group>"; };
		257D16FB27B2F5A40072CAD9 /* InsertionSort.swift */ = {isa = PBXFileReference; lastKnownFileType = sourcecode.swift; path = InsertionSort.swift; sourceTree = "<group>"; };
		257D16FD27B37F550072CAD9 /* FindDisappearedNumbers.swift */ = {isa = PBXFileReference; lastKnownFileType = sourcecode.swift; path = FindDisappearedNumbers.swift; sourceTree = "<group>"; };
		257D16FF27B38DBA0072CAD9 /* SquaresOfaSortedArray.swift */ = {isa = PBXFileReference; lastKnownFileType = sourcecode.swift; path = SquaresOfaSortedArray.swift; sourceTree = "<group>"; };
		257D170127B38E8D0072CAD9 /* HeightChecker.swift */ = {isa = PBXFileReference; lastKnownFileType = sourcecode.swift; path = HeightChecker.swift; sourceTree = "<group>"; };
		25835BF927912DB500607730 /* isNumberPalindrom.swift */ = {isa = PBXFileReference; lastKnownFileType = sourcecode.swift; path = isNumberPalindrom.swift; sourceTree = "<group>"; };
		25A910B827B6A3170039DCDA /* BinarySearch.swift */ = {isa = PBXFileReference; lastKnownFileType = sourcecode.swift; path = BinarySearch.swift; sourceTree = "<group>"; };
		25A910BA27B772EC0039DCDA /* README.md */ = {isa = PBXFileReference; lastKnownFileType = net.daringfireball.markdown; path = README.md; sourceTree = "<group>"; };
		25A910BC27B8E2110039DCDA /* GuessNumber.swift */ = {isa = PBXFileReference; lastKnownFileType = sourcecode.swift; path = GuessNumber.swift; sourceTree = "<group>"; };
		25C54AF927AEA39B005F4ED6 /* MoveZeroes.swift */ = {isa = PBXFileReference; lastKnownFileType = sourcecode.swift; path = MoveZeroes.swift; sourceTree = "<group>"; };
		25D50A26278AE0CD0086FA8D /* TwoSumm.swift */ = {isa = PBXFileReference; lastKnownFileType = sourcecode.swift; path = TwoSumm.swift; sourceTree = "<group>"; };
		25D50A29278AF2F60086FA8D /* Valid Parentheses.swift */ = {isa = PBXFileReference; lastKnownFileType = sourcecode.swift; path = "Valid Parentheses.swift"; sourceTree = "<group>"; };
/* End PBXFileReference section */

/* Begin PBXFrameworksBuildPhase section */
		2546000E275FE3EE00627860 /* Frameworks */ = {
			isa = PBXFrameworksBuildPhase;
			buildActionMask = 2147483647;
			files = (
			);
			runOnlyForDeploymentPostprocessing = 0;
		};
/* End PBXFrameworksBuildPhase section */

/* Begin PBXGroup section */
		2501CBEA27BD0E7200812B4B /* Strings */ = {
			isa = PBXGroup;
			children = (
				2501CBEB27BD0E8800812B4B /* StrStr.swift */,
			);
			path = Strings;
			sourceTree = "<group>";
		};
		2501CC1827C01C9A00812B4B /* Math */ = {
			isa = PBXGroup;
			children = (
				2501CC1927C01C9F00812B4B /* Pow.swift */,
				2501CC6A27C0DB2D00812B4B /* IsPerfectSquare.swift */,
			);
			path = Math;
			sourceTree = "<group>";
		};
		25460008275FE3EE00627860 = {
			isa = PBXGroup;
			children = (
				25A910BA27B772EC0039DCDA /* README.md */,
				25460013275FE3EE00627860 /* Algorithms */,
				25460012275FE3EE00627860 /* Products */,
			);
			sourceTree = "<group>";
		};
		25460012275FE3EE00627860 /* Products */ = {
			isa = PBXGroup;
			children = (
				25460011275FE3EE00627860 /* Algorithms.app */,
			);
			name = Products;
			sourceTree = "<group>";
		};
		25460013275FE3EE00627860 /* Algorithms */ = {
			isa = PBXGroup;
			children = (
				25D50A25278AE0B50086FA8D /* LeetCode */,
				2546005B276F9D7E00627860 /* Sorting */,
				2546003A2767BFFD00627860 /* Hight-Order-Functions */,
				254600402767CD5E00627860 /* Structures */,
				25460014275FE3EE00627860 /* AppDelegate.swift */,
				25460016275FE3EE00627860 /* DocumentBrowserViewController.swift */,
				2546001C275FE3EE00627860 /* Main.storyboard */,
				2546001F275FE3EE00627860 /* Assets.xcassets */,
				25460021275FE3EE00627860 /* LaunchScreen.storyboard */,
				25460024275FE3EE00627860 /* Info.plist */,
			);
			path = Algorithms;
			sourceTree = "<group>";
		};
		2546002A275FE3FB00627860 /* LinkedList */ = {
			isa = PBXGroup;
			children = (
				2546002B275FE40600627860 /* Node.swift */,
				2546002D275FE46E00627860 /* LinkedList.swift */,
			);
			path = LinkedList;
			sourceTree = "<group>";
		};
		2546002F2764C02800627860 /* Stack */ = {
			isa = PBXGroup;
			children = (
				254600302764C10F00627860 /* Stack.swift */,
			);
			path = Stack;
			sourceTree = "<group>";
		};
		254600322764C5D300627860 /* Queues */ = {
			isa = PBXGroup;
			children = (
				254600332764C85C00627860 /* Queue.swift */,
			);
			path = Queues;
			sourceTree = "<group>";
		};
		254600352765258400627860 /* Trees */ = {
			isa = PBXGroup;
			children = (
				254600362765260100627860 /* TreeNode.swift */,
				254600382767BCB900627860 /* BinaryNode.swift */,
			);
			path = Trees;
			sourceTree = "<group>";
		};
		2546003A2767BFFD00627860 /* Hight-Order-Functions */ = {
			isa = PBXGroup;
			children = (
				2546003B2767C00F00627860 /* Map.swift */,
				254600412767CEB200627860 /* Filter.swift */,
				254600432767CF7F00627860 /* Reduce.swift */,
			);
			path = "Hight-Order-Functions";
			sourceTree = "<group>";
		};
		2546003D2767C66800627860 /* Heap */ = {
			isa = PBXGroup;
			children = (
				2546003E2767C88600627860 /* Heap.swift */,
			);
			path = Heap;
			sourceTree = "<group>";
		};
		254600402767CD5E00627860 /* Structures */ = {
			isa = PBXGroup;
			children = (
				2546003D2767C66800627860 /* Heap */,
				254600352765258400627860 /* Trees */,
				254600322764C5D300627860 /* Queues */,
				2546002F2764C02800627860 /* Stack */,
				2546002A275FE3FB00627860 /* LinkedList */,
			);
			path = Structures;
			sourceTree = "<group>";
		};
		2546005B276F9D7E00627860 /* Sorting */ = {
			isa = PBXGroup;
			children = (
				2546005C276F9D8B00627860 /* BubleSorting.swift */,
				2546005E276FAC2E00627860 /* SelectionSort.swift */,
				2546006C2774F3E300627860 /* MergeSort.swift */,
				257D16FB27B2F5A40072CAD9 /* InsertionSort.swift */,
			);
			path = Sorting;
			sourceTree = "<group>";
		};
		25835BF827912DA200607730 /* Numbers */ = {
			isa = PBXGroup;
			children = (
				25835BF927912DB500607730 /* isNumberPalindrom.swift */,
				25585B7627AD036800202D36 /* FindNumberswithEvenNumberofDigits .swift */,
			);
			path = Numbers;
			sourceTree = "<group>";
		};
		25A910B727B6A3080039DCDA /* BinarySearch */ = {
			isa = PBXGroup;
			children = (
				25A910B827B6A3170039DCDA /* BinarySearch.swift */,
				25A910BC27B8E2110039DCDA /* GuessNumber.swift */,
				2501CBE227BA166F00812B4B /* FirstBadVersion.swift */,
				2501CBE427BB8B8D00812B4B /* FindPeakElement  .swift */,
				2501CBE827BCB59300812B4B /* SearchForARange.swift */,
			);
			path = BinarySearch;
			sourceTree = "<group>";
		};
		25D50A25278AE0B50086FA8D /* LeetCode */ = {
			isa = PBXGroup;
			children = (
				2501CC1827C01C9A00812B4B /* Math */,
				2501CBEA27BD0E7200812B4B /* Strings */,
				25A910B727B6A3080039DCDA /* BinarySearch */,
				25835BF827912DA200607730 /* Numbers */,
				25D50A28278AF2BC0086FA8D /* Array */,
			);
			path = LeetCode;
			sourceTree = "<group>";
		};
		25D50A28278AF2BC0086FA8D /* Array */ = {
			isa = PBXGroup;
			children = (
				25D50A26278AE0CD0086FA8D /* TwoSumm.swift */,
				25D50A29278AF2F60086FA8D /* Valid Parentheses.swift */,
				25585B7427ACFDD800202D36 /* MaxConsecutiveOnes.swift */,
				25C54AF927AEA39B005F4ED6 /* MoveZeroes.swift */,
				257D16FD27B37F550072CAD9 /* FindDisappearedNumbers.swift */,
				257D16FF27B38DBA0072CAD9 /* SquaresOfaSortedArray.swift */,
				257D170127B38E8D0072CAD9 /* HeightChecker.swift */,
				2501CBE627BC3E8B00812B4B /* MergeSortArray.swift */,
			);
			path = Array;
			sourceTree = "<group>";
		};
/* End PBXGroup section */

/* Begin PBXNativeTarget section */
		25460010275FE3EE00627860 /* Algorithms */ = {
			isa = PBXNativeTarget;
			buildConfigurationList = 25460027275FE3EE00627860 /* Build configuration list for PBXNativeTarget "Algorithms" */;
			buildPhases = (
				2546000D275FE3EE00627860 /* Sources */,
				2546000E275FE3EE00627860 /* Frameworks */,
				2546000F275FE3EE00627860 /* Resources */,
			);
			buildRules = (
			);
			dependencies = (
			);
			name = Algorithms;
			productName = Algorithms;
			productReference = 25460011275FE3EE00627860 /* Algorithms.app */;
			productType = "com.apple.product-type.application";
		};
/* End PBXNativeTarget section */

/* Begin PBXProject section */
		25460009275FE3EE00627860 /* Project object */ = {
			isa = PBXProject;
			attributes = {
				BuildIndependentTargetsInParallel = 1;
				LastSwiftUpdateCheck = 1310;
				LastUpgradeCheck = 1310;
				TargetAttributes = {
					25460010275FE3EE00627860 = {
						CreatedOnToolsVersion = 13.1;
					};
				};
			};
			buildConfigurationList = 2546000C275FE3EE00627860 /* Build configuration list for PBXProject "Algorithms" */;
			compatibilityVersion = "Xcode 13.0";
			developmentRegion = en;
			hasScannedForEncodings = 0;
			knownRegions = (
				en,
				Base,
			);
			mainGroup = 25460008275FE3EE00627860;
			packageReferences = (
			);
			productRefGroup = 25460012275FE3EE00627860 /* Products */;
			projectDirPath = "";
			projectRoot = "";
			targets = (
				25460010275FE3EE00627860 /* Algorithms */,
			);
		};
/* End PBXProject section */

/* Begin PBXResourcesBuildPhase section */
		2546000F275FE3EE00627860 /* Resources */ = {
			isa = PBXResourcesBuildPhase;
			buildActionMask = 2147483647;
			files = (
				25460023275FE3EE00627860 /* LaunchScreen.storyboard in Resources */,
				25460020275FE3EE00627860 /* Assets.xcassets in Resources */,
				25A910BB27B772EC0039DCDA /* README.md in Resources */,
				2546001E275FE3EE00627860 /* Main.storyboard in Resources */,
			);
			runOnlyForDeploymentPostprocessing = 0;
		};
/* End PBXResourcesBuildPhase section */

/* Begin PBXSourcesBuildPhase section */
		2546000D275FE3EE00627860 /* Sources */ = {
			isa = PBXSourcesBuildPhase;
			buildActionMask = 2147483647;
			files = (
				257D170027B38DBA0072CAD9 /* SquaresOfaSortedArray.swift in Sources */,
				25585B7527ACFDD800202D36 /* MaxConsecutiveOnes.swift in Sources */,
				2501CBE927BCB59300812B4B /* SearchForARange.swift in Sources */,
				254600372765260100627860 /* TreeNode.swift in Sources */,
				2546003F2767C88600627860 /* Heap.swift in Sources */,
				2546005F276FAC2E00627860 /* SelectionSort.swift in Sources */,
				25585B7727AD036800202D36 /* FindNumberswithEvenNumberofDigits .swift in Sources */,
				254600422767CEB200627860 /* Filter.swift in Sources */,
				25D50A2A278AF2F70086FA8D /* Valid Parentheses.swift in Sources */,
				2546002E275FE46E00627860 /* LinkedList.swift in Sources */,
				254600342764C85C00627860 /* Queue.swift in Sources */,
				25835BFA27912DB500607730 /* isNumberPalindrom.swift in Sources */,
				2501CC6B27C0DB2D00812B4B /* IsPerfectSquare.swift in Sources */,
				2501CC1A27C01C9F00812B4B /* Pow.swift in Sources */,
				254600312764C10F00627860 /* Stack.swift in Sources */,
				25C54AFA27AEA39B005F4ED6 /* MoveZeroes.swift in Sources */,
				2501CBE327BA166F00812B4B /* FirstBadVersion.swift in Sources */,
				257D16FE27B37F550072CAD9 /* FindDisappearedNumbers.swift in Sources */,
				25A910BD27B8E2110039DCDA /* GuessNumber.swift in Sources */,
				25A910B927B6A3170039DCDA /* BinarySearch.swift in Sources */,
				2546002C275FE40600627860 /* Node.swift in Sources */,
				254600442767CF7F00627860 /* Reduce.swift in Sources */,
				2546006D2774F3E300627860 /* MergeSort.swift in Sources */,
				25460017275FE3EE00627860 /* DocumentBrowserViewController.swift in Sources */,
				257D170227B38E8D0072CAD9 /* HeightChecker.swift in Sources */,
				254600392767BCB900627860 /* BinaryNode.swift in Sources */,
				2546003C2767C00F00627860 /* Map.swift in Sources */,
				2501CBEC27BD0E8800812B4B /* StrStr.swift in Sources */,
				2501CBE527BB8B8D00812B4B /* FindPeakElement  .swift in Sources */,
				25460015275FE3EE00627860 /* AppDelegate.swift in Sources */,
				2501CBE727BC3E8B00812B4B /* MergeSortArray.swift in Sources */,
				257D16FC27B2F5A40072CAD9 /* InsertionSort.swift in Sources */,
				25D50A27278AE0CD0086FA8D /* TwoSumm.swift in Sources */,
				2546005D276F9D8B00627860 /* BubleSorting.swift in Sources */,
			);
			runOnlyForDeploymentPostprocessing = 0;
		};
/* End PBXSourcesBuildPhase section */

/* Begin PBXVariantGroup section */
		2546001C275FE3EE00627860 /* Main.storyboard */ = {
			isa = PBXVariantGroup;
			children = (
				2546001D275FE3EE00627860 /* Base */,
			);
			name = Main.storyboard;
			sourceTree = "<group>";
		};
		25460021275FE3EE00627860 /* LaunchScreen.storyboard */ = {
			isa = PBXVariantGroup;
			children = (
				25460022275FE3EE00627860 /* Base */,
			);
			name = LaunchScreen.storyboard;
			sourceTree = "<group>";
		};
/* End PBXVariantGroup section */

/* Begin XCBuildConfiguration section */
		25460025275FE3EE00627860 /* Debug */ = {
			isa = XCBuildConfiguration;
			buildSettings = {
				ALWAYS_SEARCH_USER_PATHS = NO;
				CLANG_ANALYZER_NONNULL = YES;
				CLANG_ANALYZER_NUMBER_OBJECT_CONVERSION = YES_AGGRESSIVE;
				CLANG_CXX_LANGUAGE_STANDARD = "gnu++17";
				CLANG_CXX_LIBRARY = "libc++";
				CLANG_ENABLE_MODULES = YES;
				CLANG_ENABLE_OBJC_ARC = YES;
				CLANG_ENABLE_OBJC_WEAK = YES;
				CLANG_WARN_BLOCK_CAPTURE_AUTORELEASING = YES;
				CLANG_WARN_BOOL_CONVERSION = YES;
				CLANG_WARN_COMMA = YES;
				CLANG_WARN_CONSTANT_CONVERSION = YES;
				CLANG_WARN_DEPRECATED_OBJC_IMPLEMENTATIONS = YES;
				CLANG_WARN_DIRECT_OBJC_ISA_USAGE = YES_ERROR;
				CLANG_WARN_DOCUMENTATION_COMMENTS = YES;
				CLANG_WARN_EMPTY_BODY = YES;
				CLANG_WARN_ENUM_CONVERSION = YES;
				CLANG_WARN_INFINITE_RECURSION = YES;
				CLANG_WARN_INT_CONVERSION = YES;
				CLANG_WARN_NON_LITERAL_NULL_CONVERSION = YES;
				CLANG_WARN_OBJC_IMPLICIT_RETAIN_SELF = YES;
				CLANG_WARN_OBJC_LITERAL_CONVERSION = YES;
				CLANG_WARN_OBJC_ROOT_CLASS = YES_ERROR;
				CLANG_WARN_QUOTED_INCLUDE_IN_FRAMEWORK_HEADER = YES;
				CLANG_WARN_RANGE_LOOP_ANALYSIS = YES;
				CLANG_WARN_STRICT_PROTOTYPES = YES;
				CLANG_WARN_SUSPICIOUS_MOVE = YES;
				CLANG_WARN_UNGUARDED_AVAILABILITY = YES_AGGRESSIVE;
				CLANG_WARN_UNREACHABLE_CODE = YES;
				CLANG_WARN__DUPLICATE_METHOD_MATCH = YES;
				COPY_PHASE_STRIP = NO;
				DEBUG_INFORMATION_FORMAT = dwarf;
				ENABLE_STRICT_OBJC_MSGSEND = YES;
				ENABLE_TESTABILITY = YES;
				GCC_C_LANGUAGE_STANDARD = gnu11;
				GCC_DYNAMIC_NO_PIC = NO;
				GCC_NO_COMMON_BLOCKS = YES;
				GCC_OPTIMIZATION_LEVEL = 0;
				GCC_PREPROCESSOR_DEFINITIONS = (
					"DEBUG=1",
					"$(inherited)",
				);
				GCC_WARN_64_TO_32_BIT_CONVERSION = YES;
				GCC_WARN_ABOUT_RETURN_TYPE = YES_ERROR;
				GCC_WARN_UNDECLARED_SELECTOR = YES;
				GCC_WARN_UNINITIALIZED_AUTOS = YES_AGGRESSIVE;
				GCC_WARN_UNUSED_FUNCTION = YES;
				GCC_WARN_UNUSED_VARIABLE = YES;
				IPHONEOS_DEPLOYMENT_TARGET = 15.0;
				MTL_ENABLE_DEBUG_INFO = INCLUDE_SOURCE;
				MTL_FAST_MATH = YES;
				ONLY_ACTIVE_ARCH = YES;
				SDKROOT = iphoneos;
				SWIFT_ACTIVE_COMPILATION_CONDITIONS = DEBUG;
				SWIFT_OPTIMIZATION_LEVEL = "-Onone";
			};
			name = Debug;
		};
		25460026275FE3EE00627860 /* Release */ = {
			isa = XCBuildConfiguration;
			buildSettings = {
				ALWAYS_SEARCH_USER_PATHS = NO;
				CLANG_ANALYZER_NONNULL = YES;
				CLANG_ANALYZER_NUMBER_OBJECT_CONVERSION = YES_AGGRESSIVE;
				CLANG_CXX_LANGUAGE_STANDARD = "gnu++17";
				CLANG_CXX_LIBRARY = "libc++";
				CLANG_ENABLE_MODULES = YES;
				CLANG_ENABLE_OBJC_ARC = YES;
				CLANG_ENABLE_OBJC_WEAK = YES;
				CLANG_WARN_BLOCK_CAPTURE_AUTORELEASING = YES;
				CLANG_WARN_BOOL_CONVERSION = YES;
				CLANG_WARN_COMMA = YES;
				CLANG_WARN_CONSTANT_CONVERSION = YES;
				CLANG_WARN_DEPRECATED_OBJC_IMPLEMENTATIONS = YES;
				CLANG_WARN_DIRECT_OBJC_ISA_USAGE = YES_ERROR;
				CLANG_WARN_DOCUMENTATION_COMMENTS = YES;
				CLANG_WARN_EMPTY_BODY = YES;
				CLANG_WARN_ENUM_CONVERSION = YES;
				CLANG_WARN_INFINITE_RECURSION = YES;
				CLANG_WARN_INT_CONVERSION = YES;
				CLANG_WARN_NON_LITERAL_NULL_CONVERSION = YES;
				CLANG_WARN_OBJC_IMPLICIT_RETAIN_SELF = YES;
				CLANG_WARN_OBJC_LITERAL_CONVERSION = YES;
				CLANG_WARN_OBJC_ROOT_CLASS = YES_ERROR;
				CLANG_WARN_QUOTED_INCLUDE_IN_FRAMEWORK_HEADER = YES;
				CLANG_WARN_RANGE_LOOP_ANALYSIS = YES;
				CLANG_WARN_STRICT_PROTOTYPES = YES;
				CLANG_WARN_SUSPICIOUS_MOVE = YES;
				CLANG_WARN_UNGUARDED_AVAILABILITY = YES_AGGRESSIVE;
				CLANG_WARN_UNREACHABLE_CODE = YES;
				CLANG_WARN__DUPLICATE_METHOD_MATCH = YES;
				COPY_PHASE_STRIP = NO;
				DEBUG_INFORMATION_FORMAT = "dwarf-with-dsym";
				ENABLE_NS_ASSERTIONS = NO;
				ENABLE_STRICT_OBJC_MSGSEND = YES;
				GCC_C_LANGUAGE_STANDARD = gnu11;
				GCC_NO_COMMON_BLOCKS = YES;
				GCC_WARN_64_TO_32_BIT_CONVERSION = YES;
				GCC_WARN_ABOUT_RETURN_TYPE = YES_ERROR;
				GCC_WARN_UNDECLARED_SELECTOR = YES;
				GCC_WARN_UNINITIALIZED_AUTOS = YES_AGGRESSIVE;
				GCC_WARN_UNUSED_FUNCTION = YES;
				GCC_WARN_UNUSED_VARIABLE = YES;
				IPHONEOS_DEPLOYMENT_TARGET = 15.0;
				MTL_ENABLE_DEBUG_INFO = NO;
				MTL_FAST_MATH = YES;
				SDKROOT = iphoneos;
				SWIFT_COMPILATION_MODE = wholemodule;
				SWIFT_OPTIMIZATION_LEVEL = "-O";
				VALIDATE_PRODUCT = YES;
			};
			name = Release;
		};
		25460028275FE3EE00627860 /* Debug */ = {
			isa = XCBuildConfiguration;
			buildSettings = {
				ASSETCATALOG_COMPILER_APPICON_NAME = AppIcon;
				ASSETCATALOG_COMPILER_GLOBAL_ACCENT_COLOR_NAME = AccentColor;
				CODE_SIGN_STYLE = Automatic;
				CURRENT_PROJECT_VERSION = 1;
				GENERATE_INFOPLIST_FILE = YES;
				INFOPLIST_FILE = Algorithms/Info.plist;
				INFOPLIST_KEY_UIApplicationSupportsIndirectInputEvents = YES;
				INFOPLIST_KEY_UILaunchStoryboardName = LaunchScreen;
				INFOPLIST_KEY_UIMainStoryboardFile = Main;
				INFOPLIST_KEY_UISupportedInterfaceOrientations_iPad = "UIInterfaceOrientationPortrait UIInterfaceOrientationPortraitUpsideDown UIInterfaceOrientationLandscapeLeft UIInterfaceOrientationLandscapeRight";
				INFOPLIST_KEY_UISupportedInterfaceOrientations_iPhone = "UIInterfaceOrientationPortrait UIInterfaceOrientationLandscapeLeft UIInterfaceOrientationLandscapeRight";
				INFOPLIST_KEY_UISupportsDocumentBrowser = YES;
				LD_RUNPATH_SEARCH_PATHS = (
					"$(inherited)",
					"@executable_path/Frameworks",
				);
				MARKETING_VERSION = 1.0;
				PRODUCT_BUNDLE_IDENTIFIER = test.Algorithms;
				PRODUCT_NAME = "$(TARGET_NAME)";
				SWIFT_EMIT_LOC_STRINGS = YES;
				SWIFT_VERSION = 5.0;
				TARGETED_DEVICE_FAMILY = "1,2";
			};
			name = Debug;
		};
		25460029275FE3EE00627860 /* Release */ = {
			isa = XCBuildConfiguration;
			buildSettings = {
				ASSETCATALOG_COMPILER_APPICON_NAME = AppIcon;
				ASSETCATALOG_COMPILER_GLOBAL_ACCENT_COLOR_NAME = AccentColor;
				CODE_SIGN_STYLE = Automatic;
				CURRENT_PROJECT_VERSION = 1;
				GENERATE_INFOPLIST_FILE = YES;
				INFOPLIST_FILE = Algorithms/Info.plist;
				INFOPLIST_KEY_UIApplicationSupportsIndirectInputEvents = YES;
				INFOPLIST_KEY_UILaunchStoryboardName = LaunchScreen;
				INFOPLIST_KEY_UIMainStoryboardFile = Main;
				INFOPLIST_KEY_UISupportedInterfaceOrientations_iPad = "UIInterfaceOrientationPortrait UIInterfaceOrientationPortraitUpsideDown UIInterfaceOrientationLandscapeLeft UIInterfaceOrientationLandscapeRight";
				INFOPLIST_KEY_UISupportedInterfaceOrientations_iPhone = "UIInterfaceOrientationPortrait UIInterfaceOrientationLandscapeLeft UIInterfaceOrientationLandscapeRight";
				INFOPLIST_KEY_UISupportsDocumentBrowser = YES;
				LD_RUNPATH_SEARCH_PATHS = (
					"$(inherited)",
					"@executable_path/Frameworks",
				);
				MARKETING_VERSION = 1.0;
				PRODUCT_BUNDLE_IDENTIFIER = test.Algorithms;
				PRODUCT_NAME = "$(TARGET_NAME)";
				SWIFT_EMIT_LOC_STRINGS = YES;
				SWIFT_VERSION = 5.0;
				TARGETED_DEVICE_FAMILY = "1,2";
			};
			name = Release;
		};
/* End XCBuildConfiguration section */

/* Begin XCConfigurationList section */
		2546000C275FE3EE00627860 /* Build configuration list for PBXProject "Algorithms" */ = {
			isa = XCConfigurationList;
			buildConfigurations = (
				25460025275FE3EE00627860 /* Debug */,
				25460026275FE3EE00627860 /* Release */,
			);
			defaultConfigurationIsVisible = 0;
			defaultConfigurationName = Release;
		};
		25460027275FE3EE00627860 /* Build configuration list for PBXNativeTarget "Algorithms" */ = {
			isa = XCConfigurationList;
			buildConfigurations = (
				25460028275FE3EE00627860 /* Debug */,
				25460029275FE3EE00627860 /* Release */,
			);
			defaultConfigurationIsVisible = 0;
			defaultConfigurationName = Release;
		};
/* End XCConfigurationList section */
	};
	rootObject = 25460009275FE3EE00627860 /* Project object */;
}
